
Microsoft Visual Studio Solution File, Format Version 12.00
# Visual Studio 2017
Project("{FAE04EC0-301F-11D3-BF4B-00C04F79EFBC}") = "goodBadUgly", "goodBadUgly.csproj", "{B8697333-2759-4E53-4333-2A3CBB6C02A6}"
EndProject
Project("{FAE04EC0-301F-11D3-BF4B-00C04F79EFBC}") = "goodBadUgly.Editor.Plugins", "goodBadUgly.Editor.Plugins.csproj", "{D7B356D7-7779-4E81-5F90-4ECC0AAE13A3}"
EndProject
Global
	GlobalSection(SolutionConfigurationPlatforms) = preSolution
		Debug|Any CPU = Debug|Any CPU
		Release|Any CPU = Release|Any CPU
	EndGlobalSection
	GlobalSection(ProjectConfigurationPlatforms) = postSolution
		{B8697333-2759-4E53-4333-2A3CBB6C02A6}.Debug|Any CPU.ActiveCfg = Debug|Any CPU
		{B8697333-2759-4E53-4333-2A3CBB6C02A6}.Debug|Any CPU.Build.0 = Debug|Any CPU
		{B8697333-2759-4E53-4333-2A3CBB6C02A6}.Release|Any CPU.ActiveCfg = Release|Any CPU
		{B8697333-2759-4E53-4333-2A3CBB6C02A6}.Release|Any CPU.Build.0 = Release|Any CPU
		{D7B356D7-7779-4E81-5F90-4ECC0AAE13A3}.Debug|Any CPU.ActiveCfg = Debug|Any CPU
		{D7B356D7-7779-4E81-5F90-4ECC0AAE13A3}.Debug|Any CPU.Build.0 = Debug|Any CPU
		{D7B356D7-7779-4E81-5F90-4ECC0AAE13A3}.Release|Any CPU.ActiveCfg = Release|Any CPU
		{D7B356D7-7779-4E81-5F90-4ECC0AAE13A3}.Release|Any CPU.Build.0 = Release|Any CPU
	EndGlobalSection
	GlobalSection(SolutionProperties) = preSolution
		HideSolutionNode = FALSE
	EndGlobalSection
EndGlobal
